
Microsoft Visual Studio Solution File, Format Version 12.00
# Visual Studio Version 17
VisualStudioVersion = 17.6.33815.320
MinimumVisualStudioVersion = 10.0.40219.1
Project("{9A19103F-16F7-4668-BE54-9A1E7A4F7556}") = "Fibonacci", "Fibonacci\Fibonacci.csproj", "{87422CFD-A4E6-465C-81E2-567BB231ADDB}"
EndProject
Project("{9A19103F-16F7-4668-BE54-9A1E7A4F7556}") = "SzorzoTabla", "SzorzoTabla\SzorzoTabla.csproj", "{5C966B99-DA40-469A-9985-87114D9C7711}"
EndProject
Project("{9A19103F-16F7-4668-BE54-9A1E7A4F7556}") = "Pascal", "Pascal\Pascal.csproj", "{E6C105ED-EE8E-4ADF-824F-C28A8B0B2CE2}"
EndProject
Project("{9A19103F-16F7-4668-BE54-9A1E7A4F7556}") = "VillogoGomb", "VillogoGomb\VillogoGomb.csproj", "{AB8D6D7C-B747-4CDB-AB17-9616315842B6}"
EndProject
Project("{9A19103F-16F7-4668-BE54-9A1E7A4F7556}") = "randomgombok", "randomgombok\randomgombok.csproj", "{0BF11F86-B577-480A-A664-86E6B9BF7815}"
EndProject
Project("{9A19103F-16F7-4668-BE54-9A1E7A4F7556}") = "Karacsonyfa", "Karacsonyfa\Karacsonyfa.csproj", "{5AD62ABA-5DF5-43BD-B861-21867A459AC5}"
EndProject
Project("{9A19103F-16F7-4668-BE54-9A1E7A4F7556}") = "HajósTeszt", "HajósTeszt\HajósTeszt.csproj", "{23EF47FA-82A9-4C29-812C-42AB9D6D8174}"
EndProject
Project("{9A19103F-16F7-4668-BE54-9A1E7A4F7556}") = "KigyosJatek", "KigyosJatek\KigyosJatek.csproj", "{9EEAF618-9AC0-4865-8AE8-4C35E33E267C}"
EndProject
Project("{FAE04EC0-301F-11D3-BF4B-00C04F79EFBC}") = "Adatkotes", "Adatkotes\Adatkotes.csproj", "{42891374-255E-48C5-8919-33892C67076B}"
EndProject
Global
	GlobalSection(SolutionConfigurationPlatforms) = preSolution
		Debug|Any CPU = Debug|Any CPU
		Release|Any CPU = Release|Any CPU
	EndGlobalSection
	GlobalSection(ProjectConfigurationPlatforms) = postSolution
		{87422CFD-A4E6-465C-81E2-567BB231ADDB}.Debug|Any CPU.ActiveCfg = Debug|Any CPU
		{87422CFD-A4E6-465C-81E2-567BB231ADDB}.Debug|Any CPU.Build.0 = Debug|Any CPU
		{87422CFD-A4E6-465C-81E2-567BB231ADDB}.Release|Any CPU.ActiveCfg = Release|Any CPU
		{87422CFD-A4E6-465C-81E2-567BB231ADDB}.Release|Any CPU.Build.0 = Release|Any CPU
		{5C966B99-DA40-469A-9985-87114D9C7711}.Debug|Any CPU.ActiveCfg = Debug|Any CPU
		{5C966B99-DA40-469A-9985-87114D9C7711}.Debug|Any CPU.Build.0 = Debug|Any CPU
		{5C966B99-DA40-469A-9985-87114D9C7711}.Release|Any CPU.ActiveCfg = Release|Any CPU
		{5C966B99-DA40-469A-9985-87114D9C7711}.Release|Any CPU.Build.0 = Release|Any CPU
		{E6C105ED-EE8E-4ADF-824F-C28A8B0B2CE2}.Debug|Any CPU.ActiveCfg = Debug|Any CPU
		{E6C105ED-EE8E-4ADF-824F-C28A8B0B2CE2}.Debug|Any CPU.Build.0 = Debug|Any CPU
		{E6C105ED-EE8E-4ADF-824F-C28A8B0B2CE2}.Release|Any CPU.ActiveCfg = Release|Any CPU
		{E6C105ED-EE8E-4ADF-824F-C28A8B0B2CE2}.Release|Any CPU.Build.0 = Release|Any CPU
		{AB8D6D7C-B747-4CDB-AB17-9616315842B6}.Debug|Any CPU.ActiveCfg = Debug|Any CPU
		{AB8D6D7C-B747-4CDB-AB17-9616315842B6}.Debug|Any CPU.Build.0 = Debug|Any CPU
		{AB8D6D7C-B747-4CDB-AB17-9616315842B6}.Release|Any CPU.ActiveCfg = Release|Any CPU
		{AB8D6D7C-B747-4CDB-AB17-9616315842B6}.Release|Any CPU.Build.0 = Release|Any CPU
		{0BF11F86-B577-480A-A664-86E6B9BF7815}.Debug|Any CPU.ActiveCfg = Debug|Any CPU
		{0BF11F86-B577-480A-A664-86E6B9BF7815}.Debug|Any CPU.Build.0 = Debug|Any CPU
		{0BF11F86-B577-480A-A664-86E6B9BF7815}.Release|Any CPU.ActiveCfg = Release|Any CPU
		{0BF11F86-B577-480A-A664-86E6B9BF7815}.Release|Any CPU.Build.0 = Release|Any CPU
		{5AD62ABA-5DF5-43BD-B861-21867A459AC5}.Debug|Any CPU.ActiveCfg = Debug|Any CPU
		{5AD62ABA-5DF5-43BD-B861-21867A459AC5}.Debug|Any CPU.Build.0 = Debug|Any CPU
		{5AD62ABA-5DF5-43BD-B861-21867A459AC5}.Release|Any CPU.ActiveCfg = Release|Any CPU
		{5AD62ABA-5DF5-43BD-B861-21867A459AC5}.Release|Any CPU.Build.0 = Release|Any CPU
		{23EF47FA-82A9-4C29-812C-42AB9D6D8174}.Debug|Any CPU.ActiveCfg = Debug|Any CPU
		{23EF47FA-82A9-4C29-812C-42AB9D6D8174}.Debug|Any CPU.Build.0 = Debug|Any CPU
		{23EF47FA-82A9-4C29-812C-42AB9D6D8174}.Release|Any CPU.ActiveCfg = Release|Any CPU
		{23EF47FA-82A9-4C29-812C-42AB9D6D8174}.Release|Any CPU.Build.0 = Release|Any CPU
		{9EEAF618-9AC0-4865-8AE8-4C35E33E267C}.Debug|Any CPU.ActiveCfg = Debug|Any CPU
		{9EEAF618-9AC0-4865-8AE8-4C35E33E267C}.Debug|Any CPU.Build.0 = Debug|Any CPU
		{9EEAF618-9AC0-4865-8AE8-4C35E33E267C}.Release|Any CPU.ActiveCfg = Release|Any CPU
		{9EEAF618-9AC0-4865-8AE8-4C35E33E267C}.Release|Any CPU.Build.0 = Release|Any CPU
		{42891374-255E-48C5-8919-33892C67076B}.Debug|Any CPU.ActiveCfg = Debug|Any CPU
		{42891374-255E-48C5-8919-33892C67076B}.Debug|Any CPU.Build.0 = Debug|Any CPU
		{42891374-255E-48C5-8919-33892C67076B}.Release|Any CPU.ActiveCfg = Release|Any CPU
		{42891374-255E-48C5-8919-33892C67076B}.Release|Any CPU.Build.0 = Release|Any CPU
	EndGlobalSection
	GlobalSection(SolutionProperties) = preSolution
		HideSolutionNode = FALSE
	EndGlobalSection
	GlobalSection(ExtensibilityGlobals) = postSolution
		SolutionGuid = {530E26C6-E45E-4BA3-9516-3CCF0C37F978}
	EndGlobalSection
EndGlobal
